
Microsoft Visual Studio Solution File, Format Version 12.00
# Visual Studio Version 17
VisualStudioVersion = 17.7.34031.279
MinimumVisualStudioVersion = 10.0.40219.1
Project("{9A19103F-16F7-4668-BE54-9A1E7A4F7556}") = "AppTransaction.Infrastructure.API", "AppTransaction.Infraestructure.API\AppTransaction.Infrastructure.API.csproj", "{4200E192-E557-499F-877D-56B4D7874818}"
EndProject
Project("{9A19103F-16F7-4668-BE54-9A1E7A4F7556}") = "AppTransaction.Domain", "AppTransaction.Domain\AppTransaction.Domain.csproj", "{0203D316-66EE-4218-BC34-BB1A0E15EF9D}"
EndProject
Project("{9A19103F-16F7-4668-BE54-9A1E7A4F7556}") = "AppTransaction.Application", "AppTransaction.Application\AppTransaction.Application.csproj", "{589ED2BD-C485-48FB-B747-2E69CE5C6AF8}"
EndProject
Project("{9A19103F-16F7-4668-BE54-9A1E7A4F7556}") = "AppTransaction.Infrastructure", "AppTransaction.Infraestructure\AppTransaction.Infrastructure.csproj", "{634BD7B6-F51A-48D0-ADCC-BF4EC8986BC6}"
EndProject
Project("{2150E333-8FDC-42A3-9474-1A3956D46DE8}") = "Tests", "Tests", "{AFD267AA-139A-4CCC-AF4E-7220CCD9B5F5}"
EndProject
Project("{9A19103F-16F7-4668-BE54-9A1E7A4F7556}") = "AppTransaction.InfraestructureTest", "AppTransaction.InfraestructureTest\AppTransaction.InfraestructureTest.csproj", "{D418E69B-DCEA-4953-BFF3-927A027683DC}"
EndProject
Project("{FAE04EC0-301F-11D3-BF4B-00C04F79EFBC}") = "AppTransaction.ApplicationTest", "AppTransaction.ApplicationTest\AppTransaction.ApplicationTest.csproj", "{5D6FA565-D0DB-4F32-B341-4CEAC1208060}"
EndProject
Global
	GlobalSection(SolutionConfigurationPlatforms) = preSolution
		Debug|Any CPU = Debug|Any CPU
		Release|Any CPU = Release|Any CPU
	EndGlobalSection
	GlobalSection(ProjectConfigurationPlatforms) = postSolution
		{4200E192-E557-499F-877D-56B4D7874818}.Debug|Any CPU.ActiveCfg = Debug|Any CPU
		{4200E192-E557-499F-877D-56B4D7874818}.Debug|Any CPU.Build.0 = Debug|Any CPU
		{4200E192-E557-499F-877D-56B4D7874818}.Release|Any CPU.ActiveCfg = Release|Any CPU
		{4200E192-E557-499F-877D-56B4D7874818}.Release|Any CPU.Build.0 = Release|Any CPU
		{0203D316-66EE-4218-BC34-BB1A0E15EF9D}.Debug|Any CPU.ActiveCfg = Debug|Any CPU
		{0203D316-66EE-4218-BC34-BB1A0E15EF9D}.Debug|Any CPU.Build.0 = Debug|Any CPU
		{0203D316-66EE-4218-BC34-BB1A0E15EF9D}.Release|Any CPU.ActiveCfg = Release|Any CPU
		{0203D316-66EE-4218-BC34-BB1A0E15EF9D}.Release|Any CPU.Build.0 = Release|Any CPU
		{589ED2BD-C485-48FB-B747-2E69CE5C6AF8}.Debug|Any CPU.ActiveCfg = Debug|Any CPU
		{589ED2BD-C485-48FB-B747-2E69CE5C6AF8}.Debug|Any CPU.Build.0 = Debug|Any CPU
		{589ED2BD-C485-48FB-B747-2E69CE5C6AF8}.Release|Any CPU.ActiveCfg = Release|Any CPU
		{589ED2BD-C485-48FB-B747-2E69CE5C6AF8}.Release|Any CPU.Build.0 = Release|Any CPU
		{634BD7B6-F51A-48D0-ADCC-BF4EC8986BC6}.Debug|Any CPU.ActiveCfg = Debug|Any CPU
		{634BD7B6-F51A-48D0-ADCC-BF4EC8986BC6}.Debug|Any CPU.Build.0 = Debug|Any CPU
		{634BD7B6-F51A-48D0-ADCC-BF4EC8986BC6}.Release|Any CPU.ActiveCfg = Release|Any CPU
		{634BD7B6-F51A-48D0-ADCC-BF4EC8986BC6}.Release|Any CPU.Build.0 = Release|Any CPU
		{D418E69B-DCEA-4953-BFF3-927A027683DC}.Debug|Any CPU.ActiveCfg = Debug|Any CPU
		{D418E69B-DCEA-4953-BFF3-927A027683DC}.Debug|Any CPU.Build.0 = Debug|Any CPU
		{D418E69B-DCEA-4953-BFF3-927A027683DC}.Release|Any CPU.ActiveCfg = Release|Any CPU
		{D418E69B-DCEA-4953-BFF3-927A027683DC}.Release|Any CPU.Build.0 = Release|Any CPU
		{5D6FA565-D0DB-4F32-B341-4CEAC1208060}.Debug|Any CPU.ActiveCfg = Debug|Any CPU
		{5D6FA565-D0DB-4F32-B341-4CEAC1208060}.Debug|Any CPU.Build.0 = Debug|Any CPU
		{5D6FA565-D0DB-4F32-B341-4CEAC1208060}.Release|Any CPU.ActiveCfg = Release|Any CPU
		{5D6FA565-D0DB-4F32-B341-4CEAC1208060}.Release|Any CPU.Build.0 = Release|Any CPU
	EndGlobalSection
	GlobalSection(SolutionProperties) = preSolution
		HideSolutionNode = FALSE
	EndGlobalSection
	GlobalSection(NestedProjects) = preSolution
		{D418E69B-DCEA-4953-BFF3-927A027683DC} = {AFD267AA-139A-4CCC-AF4E-7220CCD9B5F5}
		{5D6FA565-D0DB-4F32-B341-4CEAC1208060} = {AFD267AA-139A-4CCC-AF4E-7220CCD9B5F5}
	EndGlobalSection
	GlobalSection(ExtensibilityGlobals) = postSolution
		SolutionGuid = {DFC33718-10E7-475D-BE3F-E7479499ADE4}
	EndGlobalSection
EndGlobal
